// !$*UTF8*$!
{
	archiveVersion = 1;
	classes = {
	};
	objectVersion = 46;
	objects = {

/* Begin PBXBuildFile section */
		4E36157B193C84490073A60E /* pdfIcon.png in Resources */ = {isa = PBXBuildFile; fileRef = 4E36157A193C84490073A60E /* pdfIcon.png */; };
		4E36157E193C861B0073A60E /* XPSingleBlockView.m in Sources */ = {isa = PBXBuildFile; fileRef = 4E36157D193C861B0073A60E /* XPSingleBlockView.m */; };
		4E361581193C879C0073A60E /* XPPlainBlockView.m in Sources */ = {isa = PBXBuildFile; fileRef = 4E361580193C879C0073A60E /* XPPlainBlockView.m */; };
		4EE142EE193707EA00AC3EEC /* Foundation.framework in Frameworks */ = {isa = PBXBuildFile; fileRef = 4EE142ED193707EA00AC3EEC /* Foundation.framework */; };
		4EE142F0193707EA00AC3EEC /* CoreGraphics.framework in Frameworks */ = {isa = PBXBuildFile; fileRef = 4EE142EF193707EA00AC3EEC /* CoreGraphics.framework */; };
		4EE142F2193707EA00AC3EEC /* UIKit.framework in Frameworks */ = {isa = PBXBuildFile; fileRef = 4EE142F1193707EA00AC3EEC /* UIKit.framework */; };
		4EE142F4193707EA00AC3EEC /* CoreData.framework in Frameworks */ = {isa = PBXBuildFile; fileRef = 4EE142F3193707EA00AC3EEC /* CoreData.framework */; };
		4EE142FA193707EA00AC3EEC /* InfoPlist.strings in Resources */ = {isa = PBXBuildFile; fileRef = 4EE142F8193707EA00AC3EEC /* InfoPlist.strings */; };
		4EE142FC193707EA00AC3EEC /* main.m in Sources */ = {isa = PBXBuildFile; fileRef = 4EE142FB193707EA00AC3EEC /* main.m */; };
		4EE14300193707EA00AC3EEC /* XPAppDelegate.m in Sources */ = {isa = PBXBuildFile; fileRef = 4EE142FF193707EA00AC3EEC /* XPAppDelegate.m */; };
		4EE14303193707EA00AC3EEC /* Presenter.xcdatamodeld in Sources */ = {isa = PBXBuildFile; fileRef = 4EE14301193707EA00AC3EEC /* Presenter.xcdatamodeld */; };
		4EE14305193707EA00AC3EEC /* Images.xcassets in Resources */ = {isa = PBXBuildFile; fileRef = 4EE14304193707EA00AC3EEC /* Images.xcassets */; };
		4EE1430C193707EA00AC3EEC /* XCTest.framework in Frameworks */ = {isa = PBXBuildFile; fileRef = 4EE1430B193707EA00AC3EEC /* XCTest.framework */; };
		4EE1430D193707EA00AC3EEC /* Foundation.framework in Frameworks */ = {isa = PBXBuildFile; fileRef = 4EE142ED193707EA00AC3EEC /* Foundation.framework */; };
		4EE1430E193707EA00AC3EEC /* UIKit.framework in Frameworks */ = {isa = PBXBuildFile; fileRef = 4EE142F1193707EA00AC3EEC /* UIKit.framework */; };
		4EE1430F193707EA00AC3EEC /* CoreData.framework in Frameworks */ = {isa = PBXBuildFile; fileRef = 4EE142F3193707EA00AC3EEC /* CoreData.framework */; };
		4EE14317193707EA00AC3EEC /* InfoPlist.strings in Resources */ = {isa = PBXBuildFile; fileRef = 4EE14315193707EA00AC3EEC /* InfoPlist.strings */; };
		4EE14319193707EA00AC3EEC /* PresenterTests.m in Sources */ = {isa = PBXBuildFile; fileRef = 4EE14318193707EA00AC3EEC /* PresenterTests.m */; };
		4EE1432719370DB200AC3EEC /* XPMasterViewController.m in Sources */ = {isa = PBXBuildFile; fileRef = 4EE1432519370DB200AC3EEC /* XPMasterViewController.m */; };
		4EE1432819370DB200AC3EEC /* XPMasterViewController.xib in Resources */ = {isa = PBXBuildFile; fileRef = 4EE1432619370DB200AC3EEC /* XPMasterViewController.xib */; };
		4EE1432B19370E4B00AC3EEC /* BebasNeue.otf in Resources */ = {isa = PBXBuildFile; fileRef = 4EE1432A19370E4B00AC3EEC /* BebasNeue.otf */; };
		4EE1433319370E6E00AC3EEC /* XPCategoryListViewController.m in Sources */ = {isa = PBXBuildFile; fileRef = 4EE1432E19370E6E00AC3EEC /* XPCategoryListViewController.m */; };
		4EE1433419370E6E00AC3EEC /* XPCategoryListViewController.xib in Resources */ = {isa = PBXBuildFile; fileRef = 4EE1432F19370E6E00AC3EEC /* XPCategoryListViewController.xib */; };
		4EE1433519370E6E00AC3EEC /* XPCategoryCollectionCell.m in Sources */ = {isa = PBXBuildFile; fileRef = 4EE1433119370E6E00AC3EEC /* XPCategoryCollectionCell.m */; };
		4EE1433619370E6E00AC3EEC /* XPCategoryCollectionCell.xib in Resources */ = {isa = PBXBuildFile; fileRef = 4EE1433219370E6E00AC3EEC /* XPCategoryCollectionCell.xib */; };
		4EE1433F193783E800AC3EEC /* hr.png in Resources */ = {isa = PBXBuildFile; fileRef = 4EE1433D193783E800AC3EEC /* hr.png */; };
		4EE14340193783E800AC3EEC /* mktg.png in Resources */ = {isa = PBXBuildFile; fileRef = 4EE1433E193783E800AC3EEC /* mktg.png */; };
/* End PBXBuildFile section */

/* Begin PBXContainerItemProxy section */
		4EE14310193707EA00AC3EEC /* PBXContainerItemProxy */ = {
			isa = PBXContainerItemProxy;
			containerPortal = 4EE142E2193707E900AC3EEC /* Project object */;
			proxyType = 1;
			remoteGlobalIDString = 4EE142E9193707EA00AC3EEC;
			remoteInfo = Presenter;
		};
/* End PBXContainerItemProxy section */

/* Begin PBXFileReference section */
		4E36157A193C84490073A60E /* pdfIcon.png */ = {isa = PBXFileReference; lastKnownFileType = image.png; path = pdfIcon.png; sourceTree = "<group>"; };
		4E36157C193C861B0073A60E /* XPSingleBlockView.h */ = {isa = PBXFileReference; fileEncoding = 4; lastKnownFileType = sourcecode.c.h; path = XPSingleBlockView.h; sourceTree = "<group>"; };
		4E36157D193C861B0073A60E /* XPSingleBlockView.m */ = {isa = PBXFileReference; fileEncoding = 4; lastKnownFileType = sourcecode.c.objc; path = XPSingleBlockView.m; sourceTree = "<group>"; };
		4E36157F193C879C0073A60E /* XPPlainBlockView.h */ = {isa = PBXFileReference; fileEncoding = 4; lastKnownFileType = sourcecode.c.h; path = XPPlainBlockView.h; sourceTree = "<group>"; };
		4E361580193C879C0073A60E /* XPPlainBlockView.m */ = {isa = PBXFileReference; fileEncoding = 4; lastKnownFileType = sourcecode.c.objc; path = XPPlainBlockView.m; sourceTree = "<group>"; };
		4EE142EA193707EA00AC3EEC /* Presenter.app */ = {isa = PBXFileReference; explicitFileType = wrapper.application; includeInIndex = 0; path = Presenter.app; sourceTree = BUILT_PRODUCTS_DIR; };
		4EE142ED193707EA00AC3EEC /* Foundation.framework */ = {isa = PBXFileReference; lastKnownFileType = wrapper.framework; name = Foundation.framework; path = System/Library/Frameworks/Foundation.framework; sourceTree = SDKROOT; };
		4EE142EF193707EA00AC3EEC /* CoreGraphics.framework */ = {isa = PBXFileReference; lastKnownFileType = wrapper.framework; name = CoreGraphics.framework; path = System/Library/Frameworks/CoreGraphics.framework; sourceTree = SDKROOT; };
		4EE142F1193707EA00AC3EEC /* UIKit.framework */ = {isa = PBXFileReference; lastKnownFileType = wrapper.framework; name = UIKit.framework; path = System/Library/Frameworks/UIKit.framework; sourceTree = SDKROOT; };
		4EE142F3193707EA00AC3EEC /* CoreData.framework */ = {isa = PBXFileReference; lastKnownFileType = wrapper.framework; name = CoreData.framework; path = System/Library/Frameworks/CoreData.framework; sourceTree = SDKROOT; };
		4EE142F7193707EA00AC3EEC /* Presenter-Info.plist */ = {isa = PBXFileReference; lastKnownFileType = text.plist.xml; path = "Presenter-Info.plist"; sourceTree = "<group>"; };
		4EE142F9193707EA00AC3EEC /* en */ = {isa = PBXFileReference; lastKnownFileType = text.plist.strings; name = en; path = en.lproj/InfoPlist.strings; sourceTree = "<group>"; };
		4EE142FB193707EA00AC3EEC /* main.m */ = {isa = PBXFileReference; lastKnownFileType = sourcecode.c.objc; path = main.m; sourceTree = "<group>"; };
		4EE142FD193707EA00AC3EEC /* Presenter-Prefix.pch */ = {isa = PBXFileReference; lastKnownFileType = sourcecode.c.h; path = "Presenter-Prefix.pch"; sourceTree = "<group>"; };
		4EE142FE193707EA00AC3EEC /* XPAppDelegate.h */ = {isa = PBXFileReference; lastKnownFileType = sourcecode.c.h; path = XPAppDelegate.h; sourceTree = "<group>"; };
		4EE142FF193707EA00AC3EEC /* XPAppDelegate.m */ = {isa = PBXFileReference; lastKnownFileType = sourcecode.c.objc; path = XPAppDelegate.m; sourceTree = "<group>"; };
		4EE14302193707EA00AC3EEC /* Presenter.xcdatamodel */ = {isa = PBXFileReference; lastKnownFileType = wrapper.xcdatamodel; path = Presenter.xcdatamodel; sourceTree = "<group>"; };
		4EE14304193707EA00AC3EEC /* Images.xcassets */ = {isa = PBXFileReference; lastKnownFileType = folder.assetcatalog; path = Images.xcassets; sourceTree = "<group>"; };
		4EE1430A193707EA00AC3EEC /* PresenterTests.xctest */ = {isa = PBXFileReference; explicitFileType = wrapper.cfbundle; includeInIndex = 0; path = PresenterTests.xctest; sourceTree = BUILT_PRODUCTS_DIR; };
		4EE1430B193707EA00AC3EEC /* XCTest.framework */ = {isa = PBXFileReference; lastKnownFileType = wrapper.framework; name = XCTest.framework; path = Library/Frameworks/XCTest.framework; sourceTree = DEVELOPER_DIR; };
		4EE14314193707EA00AC3EEC /* PresenterTests-Info.plist */ = {isa = PBXFileReference; lastKnownFileType = text.plist.xml; path = "PresenterTests-Info.plist"; sourceTree = "<group>"; };
		4EE14316193707EA00AC3EEC /* en */ = {isa = PBXFileReference; lastKnownFileType = text.plist.strings; name = en; path = en.lproj/InfoPlist.strings; sourceTree = "<group>"; };
		4EE14318193707EA00AC3EEC /* PresenterTests.m */ = {isa = PBXFileReference; lastKnownFileType = sourcecode.c.objc; path = PresenterTests.m; sourceTree = "<group>"; };
		4EE1432419370DB200AC3EEC /* XPMasterViewController.h */ = {isa = PBXFileReference; fileEncoding = 4; lastKnownFileType = sourcecode.c.h; path = XPMasterViewController.h; sourceTree = "<group>"; };
		4EE1432519370DB200AC3EEC /* XPMasterViewController.m */ = {isa = PBXFileReference; fileEncoding = 4; lastKnownFileType = sourcecode.c.objc; path = XPMasterViewController.m; sourceTree = "<group>"; };
		4EE1432619370DB200AC3EEC /* XPMasterViewController.xib */ = {isa = PBXFileReference; fileEncoding = 4; lastKnownFileType = file.xib; path = XPMasterViewController.xib; sourceTree = "<group>"; };
		4EE1432A19370E4B00AC3EEC /* BebasNeue.otf */ = {isa = PBXFileReference; lastKnownFileType = file; path = BebasNeue.otf; sourceTree = "<group>"; };
		4EE1432D19370E6E00AC3EEC /* XPCategoryListViewController.h */ = {isa = PBXFileReference; fileEncoding = 4; lastKnownFileType = sourcecode.c.h; path = XPCategoryListViewController.h; sourceTree = "<group>"; };
		4EE1432E19370E6E00AC3EEC /* XPCategoryListViewController.m */ = {isa = PBXFileReference; fileEncoding = 4; lastKnownFileType = sourcecode.c.objc; path = XPCategoryListViewController.m; sourceTree = "<group>"; };
		4EE1432F19370E6E00AC3EEC /* XPCategoryListViewController.xib */ = {isa = PBXFileReference; fileEncoding = 4; lastKnownFileType = file.xib; path = XPCategoryListViewController.xib; sourceTree = "<group>"; };
		4EE1433019370E6E00AC3EEC /* XPCategoryCollectionCell.h */ = {isa = PBXFileReference; fileEncoding = 4; lastKnownFileType = sourcecode.c.h; path = XPCategoryCollectionCell.h; sourceTree = "<group>"; };
		4EE1433119370E6E00AC3EEC /* XPCategoryCollectionCell.m */ = {isa = PBXFileReference; fileEncoding = 4; lastKnownFileType = sourcecode.c.objc; path = XPCategoryCollectionCell.m; sourceTree = "<group>"; };
		4EE1433219370E6E00AC3EEC /* XPCategoryCollectionCell.xib */ = {isa = PBXFileReference; fileEncoding = 4; lastKnownFileType = file.xib; path = XPCategoryCollectionCell.xib; sourceTree = "<group>"; };
		4EE1433D193783E800AC3EEC /* hr.png */ = {isa = PBXFileReference; lastKnownFileType = image.png; path = hr.png; sourceTree = "<group>"; };
		4EE1433E193783E800AC3EEC /* mktg.png */ = {isa = PBXFileReference; lastKnownFileType = image.png; path = mktg.png; sourceTree = "<group>"; };
/* End PBXFileReference section */

/* Begin PBXFrameworksBuildPhase section */
		4EE142E7193707EA00AC3EEC /* Frameworks */ = {
			isa = PBXFrameworksBuildPhase;
			buildActionMask = 2147483647;
			files = (
				4EE142F0193707EA00AC3EEC /* CoreGraphics.framework in Frameworks */,
				4EE142F4193707EA00AC3EEC /* CoreData.framework in Frameworks */,
				4EE142F2193707EA00AC3EEC /* UIKit.framework in Frameworks */,
				4EE142EE193707EA00AC3EEC /* Foundation.framework in Frameworks */,
			);
			runOnlyForDeploymentPostprocessing = 0;
		};
		4EE14307193707EA00AC3EEC /* Frameworks */ = {
			isa = PBXFrameworksBuildPhase;
			buildActionMask = 2147483647;
			files = (
				4EE1430C193707EA00AC3EEC /* XCTest.framework in Frameworks */,
				4EE1430F193707EA00AC3EEC /* CoreData.framework in Frameworks */,
				4EE1430E193707EA00AC3EEC /* UIKit.framework in Frameworks */,
				4EE1430D193707EA00AC3EEC /* Foundation.framework in Frameworks */,
			);
			runOnlyForDeploymentPostprocessing = 0;
		};
/* End PBXFrameworksBuildPhase section */

/* Begin PBXGroup section */
		4EE142E1193707E900AC3EEC = {
			isa = PBXGroup;
			children = (
				4EE142F5193707EA00AC3EEC /* Presenter */,
				4EE14312193707EA00AC3EEC /* PresenterTests */,
				4EE142EC193707EA00AC3EEC /* Frameworks */,
				4EE142EB193707EA00AC3EEC /* Products */,
			);
			sourceTree = "<group>";
		};
		4EE142EB193707EA00AC3EEC /* Products */ = {
			isa = PBXGroup;
			children = (
				4EE142EA193707EA00AC3EEC /* Presenter.app */,
				4EE1430A193707EA00AC3EEC /* PresenterTests.xctest */,
			);
			name = Products;
			sourceTree = "<group>";
		};
		4EE142EC193707EA00AC3EEC /* Frameworks */ = {
			isa = PBXGroup;
			children = (
				4EE142ED193707EA00AC3EEC /* Foundation.framework */,
				4EE142EF193707EA00AC3EEC /* CoreGraphics.framework */,
				4EE142F1193707EA00AC3EEC /* UIKit.framework */,
				4EE142F3193707EA00AC3EEC /* CoreData.framework */,
				4EE1430B193707EA00AC3EEC /* XCTest.framework */,
			);
			name = Frameworks;
			sourceTree = "<group>";
		};
		4EE142F5193707EA00AC3EEC /* Presenter */ = {
			isa = PBXGroup;
			children = (
				4EE1432219370DA000AC3EEC /* VC */,
				4EE142FE193707EA00AC3EEC /* XPAppDelegate.h */,
				4EE142FF193707EA00AC3EEC /* XPAppDelegate.m */,
				4EE14304193707EA00AC3EEC /* Images.xcassets */,
				4EE14301193707EA00AC3EEC /* Presenter.xcdatamodeld */,
				4EE142F6193707EA00AC3EEC /* Supporting Files */,
			);
			path = Presenter;
			sourceTree = "<group>";
		};
		4EE142F6193707EA00AC3EEC /* Supporting Files */ = {
			isa = PBXGroup;
			children = (
				4EE1433C19371CB900AC3EEC /* Images */,
				4EE1432919370E4300AC3EEC /* Fonts */,
				4EE142F7193707EA00AC3EEC /* Presenter-Info.plist */,
				4EE142F8193707EA00AC3EEC /* InfoPlist.strings */,
				4EE142FB193707EA00AC3EEC /* main.m */,
				4EE142FD193707EA00AC3EEC /* Presenter-Prefix.pch */,
			);
			name = "Supporting Files";
			sourceTree = "<group>";
		};
		4EE14312193707EA00AC3EEC /* PresenterTests */ = {
			isa = PBXGroup;
			children = (
				4EE14318193707EA00AC3EEC /* PresenterTests.m */,
				4EE14313193707EA00AC3EEC /* Supporting Files */,
			);
			path = PresenterTests;
			sourceTree = "<group>";
		};
		4EE14313193707EA00AC3EEC /* Supporting Files */ = {
			isa = PBXGroup;
			children = (
				4EE14314193707EA00AC3EEC /* PresenterTests-Info.plist */,
				4EE14315193707EA00AC3EEC /* InfoPlist.strings */,
			);
			name = "Supporting Files";
			sourceTree = "<group>";
		};
		4EE1432219370DA000AC3EEC /* VC */ = {
			isa = PBXGroup;
			children = (
				4EE1432C19370E5F00AC3EEC /* Category */,
				4EE1432319370DA800AC3EEC /* Abstract */,
			);
			name = VC;
			sourceTree = "<group>";
		};
		4EE1432319370DA800AC3EEC /* Abstract */ = {
			isa = PBXGroup;
			children = (
				4EE143381937137B00AC3EEC /* iPad */,
			);
			name = Abstract;
			sourceTree = "<group>";
		};
		4EE1432919370E4300AC3EEC /* Fonts */ = {
			isa = PBXGroup;
			children = (
				4EE1432A19370E4B00AC3EEC /* BebasNeue.otf */,
			);
			name = Fonts;
			sourceTree = "<group>";
		};
		4EE1432C19370E5F00AC3EEC /* Category */ = {
			isa = PBXGroup;
			children = (
				4EE143371937136E00AC3EEC /* iPad */,
			);
			name = Category;
			sourceTree = "<group>";
		};
		4EE143371937136E00AC3EEC /* iPad */ = {
			isa = PBXGroup;
			children = (
				4EE1432D19370E6E00AC3EEC /* XPCategoryListViewController.h */,
				4EE1432E19370E6E00AC3EEC /* XPCategoryListViewController.m */,
				4EE1432F19370E6E00AC3EEC /* XPCategoryListViewController.xib */,
				4EE1433019370E6E00AC3EEC /* XPCategoryCollectionCell.h */,
				4EE1433119370E6E00AC3EEC /* XPCategoryCollectionCell.m */,
				4EE1433219370E6E00AC3EEC /* XPCategoryCollectionCell.xib */,
				4E36157C193C861B0073A60E /* XPSingleBlockView.h */,
				4E36157D193C861B0073A60E /* XPSingleBlockView.m */,
				4E36157F193C879C0073A60E /* XPPlainBlockView.h */,
				4E361580193C879C0073A60E /* XPPlainBlockView.m */,
			);
			name = iPad;
			sourceTree = "<group>";
		};
		4EE143381937137B00AC3EEC /* iPad */ = {
			isa = PBXGroup;
			children = (
				4EE1432419370DB200AC3EEC /* XPMasterViewController.h */,
				4EE1432519370DB200AC3EEC /* XPMasterViewController.m */,
				4EE1432619370DB200AC3EEC /* XPMasterViewController.xib */,
			);
			name = iPad;
			sourceTree = "<group>";
		};
		4EE1433C19371CB900AC3EEC /* Images */ = {
			isa = PBXGroup;
			children = (
				4E36157A193C84490073A60E /* pdfIcon.png */,
				4EE1433D193783E800AC3EEC /* hr.png */,
				4EE1433E193783E800AC3EEC /* mktg.png */,
			);
			name = Images;
			sourceTree = "<group>";
		};
/* End PBXGroup section */

/* Begin PBXNativeTarget section */
		4EE142E9193707EA00AC3EEC /* Presenter */ = {
			isa = PBXNativeTarget;
			buildConfigurationList = 4EE1431C193707EA00AC3EEC /* Build configuration list for PBXNativeTarget "Presenter" */;
			buildPhases = (
				4EE142E6193707EA00AC3EEC /* Sources */,
				4EE142E7193707EA00AC3EEC /* Frameworks */,
				4EE142E8193707EA00AC3EEC /* Resources */,
			);
			buildRules = (
			);
			dependencies = (
			);
			name = Presenter;
			productName = Presenter;
			productReference = 4EE142EA193707EA00AC3EEC /* Presenter.app */;
			productType = "com.apple.product-type.application";
		};
		4EE14309193707EA00AC3EEC /* PresenterTests */ = {
			isa = PBXNativeTarget;
			buildConfigurationList = 4EE1431F193707EA00AC3EEC /* Build configuration list for PBXNativeTarget "PresenterTests" */;
			buildPhases = (
				4EE14306193707EA00AC3EEC /* Sources */,
				4EE14307193707EA00AC3EEC /* Frameworks */,
				4EE14308193707EA00AC3EEC /* Resources */,
			);
			buildRules = (
			);
			dependencies = (
				4EE14311193707EA00AC3EEC /* PBXTargetDependency */,
			);
			name = PresenterTests;
			productName = PresenterTests;
			productReference = 4EE1430A193707EA00AC3EEC /* PresenterTests.xctest */;
			productType = "com.apple.product-type.bundle.unit-test";
		};
/* End PBXNativeTarget section */

/* Begin PBXProject section */
		4EE142E2193707E900AC3EEC /* Project object */ = {
			isa = PBXProject;
			attributes = {
				CLASSPREFIX = XP;
				LastUpgradeCheck = 0510;
				ORGANIZATIONNAME = Experion;
				TargetAttributes = {
					4EE14309193707EA00AC3EEC = {
						TestTargetID = 4EE142E9193707EA00AC3EEC;
					};
				};
			};
			buildConfigurationList = 4EE142E5193707EA00AC3EEC /* Build configuration list for PBXProject "Presenter" */;
			compatibilityVersion = "Xcode 3.2";
			developmentRegion = English;
			hasScannedForEncodings = 0;
			knownRegions = (
				en,
			);
			mainGroup = 4EE142E1193707E900AC3EEC;
			productRefGroup = 4EE142EB193707EA00AC3EEC /* Products */;
			projectDirPath = "";
			projectRoot = "";
			targets = (
				4EE142E9193707EA00AC3EEC /* Presenter */,
				4EE14309193707EA00AC3EEC /* PresenterTests */,
			);
		};
/* End PBXProject section */

/* Begin PBXResourcesBuildPhase section */
		4EE142E8193707EA00AC3EEC /* Resources */ = {
			isa = PBXResourcesBuildPhase;
			buildActionMask = 2147483647;
			files = (
				4EE1433F193783E800AC3EEC /* hr.png in Resources */,
				4EE1433419370E6E00AC3EEC /* XPCategoryListViewController.xib in Resources */,
				4EE142FA193707EA00AC3EEC /* InfoPlist.strings in Resources */,
				4E36157B193C84490073A60E /* pdfIcon.png in Resources */,
				4EE14305193707EA00AC3EEC /* Images.xcassets in Resources */,
				4EE1432B19370E4B00AC3EEC /* BebasNeue.otf in Resources */,
				4EE1432819370DB200AC3EEC /* XPMasterViewController.xib in Resources */,
				4EE14340193783E800AC3EEC /* mktg.png in Resources */,
				4EE1433619370E6E00AC3EEC /* XPCategoryCollectionCell.xib in Resources */,
			);
			runOnlyForDeploymentPostprocessing = 0;
		};
		4EE14308193707EA00AC3EEC /* Resources */ = {
			isa = PBXResourcesBuildPhase;
			buildActionMask = 2147483647;
			files = (
				4EE14317193707EA00AC3EEC /* InfoPlist.strings in Resources */,
			);
			runOnlyForDeploymentPostprocessing = 0;
		};
/* End PBXResourcesBuildPhase section */

/* Begin PBXSourcesBuildPhase section */
		4EE142E6193707EA00AC3EEC /* Sources */ = {
			isa = PBXSourcesBuildPhase;
			buildActionMask = 2147483647;
			files = (
				4EE14303193707EA00AC3EEC /* Presenter.xcdatamodeld in Sources */,
				4EE14300193707EA00AC3EEC /* XPAppDelegate.m in Sources */,
				4E36157E193C861B0073A60E /* XPSingleBlockView.m in Sources */,
				4EE1433319370E6E00AC3EEC /* XPCategoryListViewController.m in Sources */,
				4EE1432719370DB200AC3EEC /* XPMasterViewController.m in Sources */,
				4EE142FC193707EA00AC3EEC /* main.m in Sources */,
				4EE1433519370E6E00AC3EEC /* XPCategoryCollectionCell.m in Sources */,
				4E361581193C879C0073A60E /* XPPlainBlockView.m in Sources */,
			);
			runOnlyForDeploymentPostprocessing = 0;
		};
		4EE14306193707EA00AC3EEC /* Sources */ = {
			isa = PBXSourcesBuildPhase;
			buildActionMask = 2147483647;
			files = (
				4EE14319193707EA00AC3EEC /* PresenterTests.m in Sources */,
			);
			runOnlyForDeploymentPostprocessing = 0;
		};
/* End PBXSourcesBuildPhase section */

/* Begin PBXTargetDependency section */
		4EE14311193707EA00AC3EEC /* PBXTargetDependency */ = {
			isa = PBXTargetDependency;
			target = 4EE142E9193707EA00AC3EEC /* Presenter */;
			targetProxy = 4EE14310193707EA00AC3EEC /* PBXContainerItemProxy */;
		};
/* End PBXTargetDependency section */

/* Begin PBXVariantGroup section */
		4EE142F8193707EA00AC3EEC /* InfoPlist.strings */ = {
			isa = PBXVariantGroup;
			children = (
				4EE142F9193707EA00AC3EEC /* en */,
			);
			name = InfoPlist.strings;
			sourceTree = "<group>";
		};
		4EE14315193707EA00AC3EEC /* InfoPlist.strings */ = {
			isa = PBXVariantGroup;
			children = (
				4EE14316193707EA00AC3EEC /* en */,
			);
			name = InfoPlist.strings;
			sourceTree = "<group>";
		};
/* End PBXVariantGroup section */

/* Begin XCBuildConfiguration section */
		4EE1431A193707EA00AC3EEC /* Debug */ = {
			isa = XCBuildConfiguration;
			buildSettings = {
				ALWAYS_SEARCH_USER_PATHS = NO;
				CLANG_CXX_LANGUAGE_STANDARD = "gnu++0x";
				CLANG_CXX_LIBRARY = "libc++";
				CLANG_ENABLE_MODULES = YES;
				CLANG_ENABLE_OBJC_ARC = YES;
				CLANG_WARN_BOOL_CONVERSION = YES;
				CLANG_WARN_CONSTANT_CONVERSION = YES;
				CLANG_WARN_DIRECT_OBJC_ISA_USAGE = YES_ERROR;
				CLANG_WARN_EMPTY_BODY = YES;
				CLANG_WARN_ENUM_CONVERSION = YES;
				CLANG_WARN_INT_CONVERSION = YES;
				CLANG_WARN_OBJC_ROOT_CLASS = YES_ERROR;
				CLANG_WARN__DUPLICATE_METHOD_MATCH = YES;
				"CODE_SIGN_IDENTITY[sdk=iphoneos*]" = "iPhone Developer";
				COPY_PHASE_STRIP = NO;
				GCC_C_LANGUAGE_STANDARD = gnu99;
				GCC_DYNAMIC_NO_PIC = NO;
				GCC_OPTIMIZATION_LEVEL = 0;
				GCC_PREPROCESSOR_DEFINITIONS = (
					"DEBUG=1",
					"$(inherited)",
				);
				GCC_SYMBOLS_PRIVATE_EXTERN = NO;
				GCC_WARN_64_TO_32_BIT_CONVERSION = YES;
				GCC_WARN_ABOUT_RETURN_TYPE = YES_ERROR;
				GCC_WARN_UNDECLARED_SELECTOR = YES;
				GCC_WARN_UNINITIALIZED_AUTOS = YES_AGGRESSIVE;
				GCC_WARN_UNUSED_FUNCTION = YES;
				GCC_WARN_UNUSED_VARIABLE = YES;
				IPHONEOS_DEPLOYMENT_TARGET = 7.1;
				ONLY_ACTIVE_ARCH = YES;
				SDKROOT = iphoneos;
				TARGETED_DEVICE_FAMILY = "1,2";
			};
			name = Debug;
		};
		4EE1431B193707EA00AC3EEC /* Release */ = {
			isa = XCBuildConfiguration;
			buildSettings = {
				ALWAYS_SEARCH_USER_PATHS = NO;
				CLANG_CXX_LANGUAGE_STANDARD = "gnu++0x";
				CLANG_CXX_LIBRARY = "libc++";
				CLANG_ENABLE_MODULES = YES;
				CLANG_ENABLE_OBJC_ARC = YES;
				CLANG_WARN_BOOL_CONVERSION = YES;
				CLANG_WARN_CONSTANT_CONVERSION = YES;
				CLANG_WARN_DIRECT_OBJC_ISA_USAGE = YES_ERROR;
				CLANG_WARN_EMPTY_BODY = YES;
				CLANG_WARN_ENUM_CONVERSION = YES;
				CLANG_WARN_INT_CONVERSION = YES;
				CLANG_WARN_OBJC_ROOT_CLASS = YES_ERROR;
				CLANG_WARN__DUPLICATE_METHOD_MATCH = YES;
				"CODE_SIGN_IDENTITY[sdk=iphoneos*]" = "iPhone Developer";
				COPY_PHASE_STRIP = YES;
				ENABLE_NS_ASSERTIONS = NO;
				GCC_C_LANGUAGE_STANDARD = gnu99;
				GCC_WARN_64_TO_32_BIT_CONVERSION = YES;
				GCC_WARN_ABOUT_RETURN_TYPE = YES_ERROR;
				GCC_WARN_UNDECLARED_SELECTOR = YES;
				GCC_WARN_UNINITIALIZED_AUTOS = YES_AGGRESSIVE;
				GCC_WARN_UNUSED_FUNCTION = YES;
				GCC_WARN_UNUSED_VARIABLE = YES;
				IPHONEOS_DEPLOYMENT_TARGET = 7.1;
				SDKROOT = iphoneos;
				TARGETED_DEVICE_FAMILY = "1,2";
				VALIDATE_PRODUCT = YES;
			};
			name = Release;
		};
		4EE1431D193707EA00AC3EEC /* Debug */ = {
			isa = XCBuildConfiguration;
			buildSettings = {
				ASSETCATALOG_COMPILER_APPICON_NAME = AppIcon;
				ASSETCATALOG_COMPILER_LAUNCHIMAGE_NAME = LaunchImage;
				GCC_PRECOMPILE_PREFIX_HEADER = YES;
				GCC_PREFIX_HEADER = "Presenter/Presenter-Prefix.pch";
				INFOPLIST_FILE = "Presenter/Presenter-Info.plist";
				IPHONEOS_DEPLOYMENT_TARGET = 7.0;
				PRODUCT_NAME = "$(TARGET_NAME)";
				WRAPPER_EXTENSION = app;
			};
			name = Debug;
		};
		4EE1431E193707EA00AC3EEC /* Release */ = {
			isa = XCBuildConfiguration;
			buildSettings = {
				ASSETCATALOG_COMPILER_APPICON_NAME = AppIcon;
				ASSETCATALOG_COMPILER_LAUNCHIMAGE_NAME = LaunchImage;
				GCC_PRECOMPILE_PREFIX_HEADER = YES;
				GCC_PREFIX_HEADER = "Presenter/Presenter-Prefix.pch";
				INFOPLIST_FILE = "Presenter/Presenter-Info.plist";
				IPHONEOS_DEPLOYMENT_TARGET = 7.0;
				PRODUCT_NAME = "$(TARGET_NAME)";
				WRAPPER_EXTENSION = app;
			};
			name = Release;
		};
		4EE14320193707EA00AC3EEC /* Debug */ = {
			isa = XCBuildConfiguration;
			buildSettings = {
				BUNDLE_LOADER = "$(BUILT_PRODUCTS_DIR)/Presenter.app/Presenter";
				FRAMEWORK_SEARCH_PATHS = (
					"$(SDKROOT)/Developer/Library/Frameworks",
					"$(inherited)",
					"$(DEVELOPER_FRAMEWORKS_DIR)",
				);
				GCC_PRECOMPILE_PREFIX_HEADER = YES;
				GCC_PREFIX_HEADER = "Presenter/Presenter-Prefix.pch";
				GCC_PREPROCESSOR_DEFINITIONS = (
					"DEBUG=1",
					"$(inherited)",
				);
				INFOPLIST_FILE = "PresenterTests/PresenterTests-Info.plist";
				PRODUCT_NAME = "$(TARGET_NAME)";
				TEST_HOST = "$(BUNDLE_LOADER)";
				WRAPPER_EXTENSION = xctest;
			};
			name = Debug;
		};
		4EE14321193707EA00AC3EEC /* Release */ = {
			isa = XCBuildConfiguration;
			buildSettings = {
				BUNDLE_LOADER = "$(BUILT_PRODUCTS_DIR)/Presenter.app/Presenter";
				FRAMEWORK_SEARCH_PATHS = (
					"$(SDKROOT)/Developer/Library/Frameworks",
					"$(inherited)",
					"$(DEVELOPER_FRAMEWORKS_DIR)",
				);
				GCC_PRECOMPILE_PREFIX_HEADER = YES;
				GCC_PREFIX_HEADER = "Presenter/Presenter-Prefix.pch";
				INFOPLIST_FILE = "PresenterTests/PresenterTests-Info.plist";
				PRODUCT_NAME = "$(TARGET_NAME)";
				TEST_HOST = "$(BUNDLE_LOADER)";
				WRAPPER_EXTENSION = xctest;
			};
			name = Release;
		};
/* End XCBuildConfiguration section */

/* Begin XCConfigurationList section */
		4EE142E5193707EA00AC3EEC /* Build configuration list for PBXProject "Presenter" */ = {
			isa = XCConfigurationList;
			buildConfigurations = (
				4EE1431A193707EA00AC3EEC /* Debug */,
				4EE1431B193707EA00AC3EEC /* Release */,
			);
			defaultConfigurationIsVisible = 0;
			defaultConfigurationName = Release;
		};
		4EE1431C193707EA00AC3EEC /* Build configuration list for PBXNativeTarget "Presenter" */ = {
			isa = XCConfigurationList;
			buildConfigurations = (
				4EE1431D193707EA00AC3EEC /* Debug */,
				4EE1431E193707EA00AC3EEC /* Release */,
			);
			defaultConfigurationIsVisible = 0;
			defaultConfigurationName = Release;
		};
		4EE1431F193707EA00AC3EEC /* Build configuration list for PBXNativeTarget "PresenterTests" */ = {
			isa = XCConfigurationList;
			buildConfigurations = (
				4EE14320193707EA00AC3EEC /* Debug */,
				4EE14321193707EA00AC3EEC /* Release */,
			);
			defaultConfigurationIsVisible = 0;
			defaultConfigurationName = Release;
		};
/* End XCConfigurationList section */

/* Begin XCVersionGroup section */
		4EE14301193707EA00AC3EEC /* Presenter.xcdatamodeld */ = {
			isa = XCVersionGroup;
			children = (
				4EE14302193707EA00AC3EEC /* Presenter.xcdatamodel */,
			);
			currentVersion = 4EE14302193707EA00AC3EEC /* Presenter.xcdatamodel */;
			path = Presenter.xcdatamodeld;
			sourceTree = "<group>";
			versionGroupType = wrapper.xcdatamodel;
		};
/* End XCVersionGroup section */
	};
	rootObject = 4EE142E2193707E900AC3EEC /* Project object */;
}
